
Microsoft Visual Studio Solution File, Format Version 12.00
# Visual Studio Version 16
VisualStudioVersion = 16.0.30804.86
MinimumVisualStudioVersion = 10.0.40219.1
Project("{FAE04EC0-301F-11D3-BF4B-00C04F79EFBC}") = "GerenciadorCondominios", "GerenciadorCondominios\GerenciadorCondominios.csproj", "{9F40B481-57D6-4904-853F-C9B3BDBAF85F}"
EndProject
Project("{FAE04EC0-301F-11D3-BF4B-00C04F79EFBC}") = "GerenciadorCondominios.BLL", "GerenciadorCondominios.BLL\GerenciadorCondominios.BLL.csproj", "{51A60587-0F46-4CA8-9710-AB8E84060522}"
EndProject
Project("{FAE04EC0-301F-11D3-BF4B-00C04F79EFBC}") = "GerenciadorCondominios.DAL", "GerenciadorCondominios.DAL\GerenciadorCondominios.DAL.csproj", "{47A51AD1-B346-414E-9F31-84EBCF0AE427}"
EndProject
Global
	GlobalSection(SolutionConfigurationPlatforms) = preSolution
		Debug|Any CPU = Debug|Any CPU
		Release|Any CPU = Release|Any CPU
	EndGlobalSection
	GlobalSection(ProjectConfigurationPlatforms) = postSolution
		{9F40B481-57D6-4904-853F-C9B3BDBAF85F}.Debug|Any CPU.ActiveCfg = Debug|Any CPU
		{9F40B481-57D6-4904-853F-C9B3BDBAF85F}.Debug|Any CPU.Build.0 = Debug|Any CPU
		{9F40B481-57D6-4904-853F-C9B3BDBAF85F}.Release|Any CPU.ActiveCfg = Release|Any CPU
		{9F40B481-57D6-4904-853F-C9B3BDBAF85F}.Release|Any CPU.Build.0 = Release|Any CPU
		{51A60587-0F46-4CA8-9710-AB8E84060522}.Debug|Any CPU.ActiveCfg = Debug|Any CPU
		{51A60587-0F46-4CA8-9710-AB8E84060522}.Debug|Any CPU.Build.0 = Debug|Any CPU
		{51A60587-0F46-4CA8-9710-AB8E84060522}.Release|Any CPU.ActiveCfg = Release|Any CPU
		{51A60587-0F46-4CA8-9710-AB8E84060522}.Release|Any CPU.Build.0 = Release|Any CPU
		{47A51AD1-B346-414E-9F31-84EBCF0AE427}.Debug|Any CPU.ActiveCfg = Debug|Any CPU
		{47A51AD1-B346-414E-9F31-84EBCF0AE427}.Debug|Any CPU.Build.0 = Debug|Any CPU
		{47A51AD1-B346-414E-9F31-84EBCF0AE427}.Release|Any CPU.ActiveCfg = Release|Any CPU
		{47A51AD1-B346-414E-9F31-84EBCF0AE427}.Release|Any CPU.Build.0 = Release|Any CPU
	EndGlobalSection
	GlobalSection(SolutionProperties) = preSolution
		HideSolutionNode = FALSE
	EndGlobalSection
	GlobalSection(ExtensibilityGlobals) = postSolution
		SolutionGuid = {504F8403-4265-47D1-AD0C-0322E228AFAC}
	EndGlobalSection
EndGlobal
